
Microsoft Visual Studio Solution File, Format Version 12.00
# Visual Studio Version 17
VisualStudioVersion = 17.12.35514.174 d17.12
MinimumVisualStudioVersion = 10.0.40219.1
Project("{FAE04EC0-301F-11D3-BF4B-00C04F79EFBC}") = "CifraVigenere", "CifraVigenere.csproj", "{A7B2275A-70F5-49D1-8CF6-4E2E28424A1A}"
EndProject
Global
	GlobalSection(SolutionConfigurationPlatforms) = preSolution
		Debug|Any CPU = Debug|Any CPU
		Release|Any CPU = Release|Any CPU
	EndGlobalSection
	GlobalSection(ProjectConfigurationPlatforms) = postSolution
		{A7B2275A-70F5-49D1-8CF6-4E2E28424A1A}.Debug|Any CPU.ActiveCfg = Debug|Any CPU
		{A7B2275A-70F5-49D1-8CF6-4E2E28424A1A}.Debug|Any CPU.Build.0 = Debug|Any CPU
		{A7B2275A-70F5-49D1-8CF6-4E2E28424A1A}.Release|Any CPU.ActiveCfg = Release|Any CPU
		{A7B2275A-70F5-49D1-8CF6-4E2E28424A1A}.Release|Any CPU.Build.0 = Release|Any CPU
	EndGlobalSection
	GlobalSection(SolutionProperties) = preSolution
		HideSolutionNode = FALSE
	EndGlobalSection
EndGlobal
